
Microsoft Visual Studio Solution File, Format Version 12.00
# Visual Studio 2012
Project("{FAE04EC0-301F-11D3-BF4B-00C04F79EFBC}") = "MVC4_WebAPI2_CRUD", "MVC4_WebAPI2_CRUD\MVC4_WebAPI2_CRUD.csproj", "{D20FBEED-95C1-477C-B3F8-815713E9A923}"
EndProject
Global
	GlobalSection(SolutionConfigurationPlatforms) = preSolution
		Debug|Any CPU = Debug|Any CPU
		Release|Any CPU = Release|Any CPU
	EndGlobalSection
	GlobalSection(ProjectConfigurationPlatforms) = postSolution
		{D20FBEED-95C1-477C-B3F8-815713E9A923}.Debug|Any CPU.ActiveCfg = Debug|Any CPU
		{D20FBEED-95C1-477C-B3F8-815713E9A923}.Debug|Any CPU.Build.0 = Debug|Any CPU
		{D20FBEED-95C1-477C-B3F8-815713E9A923}.Release|Any CPU.ActiveCfg = Release|Any CPU
		{D20FBEED-95C1-477C-B3F8-815713E9A923}.Release|Any CPU.Build.0 = Release|Any CPU
	EndGlobalSection
	GlobalSection(SolutionProperties) = preSolution
		HideSolutionNode = FALSE
	EndGlobalSection
EndGlobal
